{
  "requires": true,
  "lockfileVersion": 1,
  "dependencies": {
    "@clr/ui": {
      "version": "1.0.5",
      "resolved": "https://registry.npmjs.org/@clr/ui/-/ui-1.0.5.tgz",
      "integrity": "sha512-jv9mqLFxsgagz+dqh0VG4Y4fOaPK2W1JbLLl3OM1LwNNbWHYu2x1qyHJ8sFWdv5NLvMwu5P9Q2NTRFmUM82MwA=="
    }
  }
}
